
Microsoft Visual Studio Solution File, Format Version 12.00
# Visual Studio 15
VisualStudioVersion = 15.0.26730.15
MinimumVisualStudioVersion = 10.0.40219.1
Project("{FAE04EC0-301F-11D3-BF4B-00C04F79EFBC}") = "XASQLiteImporterExporter", "XASQLiteImporterExporter\XASQLiteImporterExporter.csproj", "{ABC9BE75-5A40-4D8E-BA29-16CBD2DBFBE5}"
EndProject
Project("{FAE04EC0-301F-11D3-BF4B-00C04F79EFBC}") = "SQLiteImporterExporterSample", "SQLiteImporterExporterSample\SQLiteImporterExporterSample.csproj", "{80963324-AB35-415D-9D0E-D7EA49DE975E}"
EndProject
Global
	GlobalSection(SolutionConfigurationPlatforms) = preSolution
		Debug|Any CPU = Debug|Any CPU
		Release|Any CPU = Release|Any CPU
	EndGlobalSection
	GlobalSection(ProjectConfigurationPlatforms) = postSolution
		{ABC9BE75-5A40-4D8E-BA29-16CBD2DBFBE5}.Debug|Any CPU.ActiveCfg = Debug|Any CPU
		{ABC9BE75-5A40-4D8E-BA29-16CBD2DBFBE5}.Debug|Any CPU.Build.0 = Debug|Any CPU
		{ABC9BE75-5A40-4D8E-BA29-16CBD2DBFBE5}.Release|Any CPU.ActiveCfg = Release|Any CPU
		{ABC9BE75-5A40-4D8E-BA29-16CBD2DBFBE5}.Release|Any CPU.Build.0 = Release|Any CPU
		{80963324-AB35-415D-9D0E-D7EA49DE975E}.Debug|Any CPU.ActiveCfg = Debug|Any CPU
		{80963324-AB35-415D-9D0E-D7EA49DE975E}.Debug|Any CPU.Build.0 = Debug|Any CPU
		{80963324-AB35-415D-9D0E-D7EA49DE975E}.Debug|Any CPU.Deploy.0 = Debug|Any CPU
		{80963324-AB35-415D-9D0E-D7EA49DE975E}.Release|Any CPU.ActiveCfg = Release|Any CPU
		{80963324-AB35-415D-9D0E-D7EA49DE975E}.Release|Any CPU.Build.0 = Release|Any CPU
		{80963324-AB35-415D-9D0E-D7EA49DE975E}.Release|Any CPU.Deploy.0 = Release|Any CPU
	EndGlobalSection
	GlobalSection(SolutionProperties) = preSolution
		HideSolutionNode = FALSE
	EndGlobalSection
	GlobalSection(ExtensibilityGlobals) = postSolution
		SolutionGuid = {31CF3582-2F3B-48E9-86C0-D160BA1999EC}
	EndGlobalSection
EndGlobal
